// !$*UTF8*$!
{
	archiveVersion = 1;
	classes = {
	};
	objectVersion = 56;
	objects = {

/* Begin PBXBuildFile section */
		1F23FF632B90296500E914BB /* drawloomApp.swift in Sources */ = {isa = PBXBuildFile; fileRef = 1F23FF622B90296500E914BB /* drawloomApp.swift */; };
		1F3BD6942B894B9200F3EA29 /* speechRecognizer.swift in Sources */ = {isa = PBXBuildFile; fileRef = 1F3BD6932B894B9200F3EA29 /* speechRecognizer.swift */; };
		1F3BD6982B8D8BF000F3EA29 /* drawdownModel.swift in Sources */ = {isa = PBXBuildFile; fileRef = 1F3BD6972B8D8BF000F3EA29 /* drawdownModel.swift */; };
		1FCD8B622B857FDC00642A1C /* ContentView.swift in Sources */ = {isa = PBXBuildFile; fileRef = 1FCD8B612B857FDC00642A1C /* ContentView.swift */; };
		1FCD8B642B857FDE00642A1C /* Assets.xcassets in Resources */ = {isa = PBXBuildFile; fileRef = 1FCD8B632B857FDE00642A1C /* Assets.xcassets */; };
		1FCD8B672B857FDE00642A1C /* Preview Assets.xcassets in Resources */ = {isa = PBXBuildFile; fileRef = 1FCD8B662B857FDE00642A1C /* Preview Assets.xcassets */; };
		1FCD8B6E2B85864900642A1C /* drawloomActions.swift in Sources */ = {isa = PBXBuildFile; fileRef = 1FCD8B6D2B85864900642A1C /* drawloomActions.swift */; };
		1FCD8B712B86A2B800642A1C /* inputDocument.swift in Sources */ = {isa = PBXBuildFile; fileRef = 1FCD8B702B86A2B800642A1C /* inputDocument.swift */; };
		1FCD8B752B86C45D00642A1C /* Documents in Resources */ = {isa = PBXBuildFile; fileRef = 1FCD8B742B86C45D00642A1C /* Documents */; };
/* End PBXBuildFile section */

/* Begin PBXFileReference section */
		1F23FF622B90296500E914BB /* drawloomApp.swift */ = {isa = PBXFileReference; fileEncoding = 4; lastKnownFileType = sourcecode.swift; path = drawloomApp.swift; sourceTree = "<group>"; };
		1F3BD6932B894B9200F3EA29 /* speechRecognizer.swift */ = {isa = PBXFileReference; lastKnownFileType = sourcecode.swift; path = speechRecognizer.swift; sourceTree = "<group>"; };
		1F3BD6972B8D8BF000F3EA29 /* drawdownModel.swift */ = {isa = PBXFileReference; lastKnownFileType = sourcecode.swift; path = drawdownModel.swift; sourceTree = "<group>"; };
		1FCD8B5C2B857FDC00642A1C /* drawloom.app */ = {isa = PBXFileReference; explicitFileType = wrapper.application; includeInIndex = 0; path = drawloom.app; sourceTree = BUILT_PRODUCTS_DIR; };
		1FCD8B612B857FDC00642A1C /* ContentView.swift */ = {isa = PBXFileReference; lastKnownFileType = sourcecode.swift; path = ContentView.swift; sourceTree = "<group>"; };
		1FCD8B632B857FDE00642A1C /* Assets.xcassets */ = {isa = PBXFileReference; lastKnownFileType = folder.assetcatalog; path = Assets.xcassets; sourceTree = "<group>"; };
		1FCD8B662B857FDE00642A1C /* Preview Assets.xcassets */ = {isa = PBXFileReference; lastKnownFileType = folder.assetcatalog; path = "Preview Assets.xcassets"; sourceTree = "<group>"; };
		1FCD8B6D2B85864900642A1C /* drawloomActions.swift */ = {isa = PBXFileReference; lastKnownFileType = sourcecode.swift; path = drawloomActions.swift; sourceTree = "<group>"; };
		1FCD8B6F2B85EA9700642A1C /* Info.plist */ = {isa = PBXFileReference; lastKnownFileType = text.plist; path = Info.plist; sourceTree = "<group>"; };
		1FCD8B702B86A2B800642A1C /* inputDocument.swift */ = {isa = PBXFileReference; lastKnownFileType = sourcecode.swift; path = inputDocument.swift; sourceTree = "<group>"; };
		1FCD8B742B86C45D00642A1C /* Documents */ = {isa = PBXFileReference; lastKnownFileType = folder; path = Documents; sourceTree = "<group>"; };
/* End PBXFileReference section */

/* Begin PBXFrameworksBuildPhase section */
		1FCD8B592B857FDC00642A1C /* Frameworks */ = {
			isa = PBXFrameworksBuildPhase;
			buildActionMask = 2147483647;
			files = (
			);
			runOnlyForDeploymentPostprocessing = 0;
		};
/* End PBXFrameworksBuildPhase section */

/* Begin PBXGroup section */
		1FCD8B532B857FDC00642A1C = {
			isa = PBXGroup;
			children = (
				1FCD8B742B86C45D00642A1C /* Documents */,
				1FCD8B5E2B857FDC00642A1C /* drawloom */,
				1FCD8B5D2B857FDC00642A1C /* Products */,
			);
			sourceTree = "<group>";
		};
		1FCD8B5D2B857FDC00642A1C /* Products */ = {
			isa = PBXGroup;
			children = (
				1FCD8B5C2B857FDC00642A1C /* drawloom.app */,
			);
			name = Products;
			sourceTree = "<group>";
		};
		1FCD8B5E2B857FDC00642A1C /* drawloom */ = {
			isa = PBXGroup;
			children = (
				1FCD8B6F2B85EA9700642A1C /* Info.plist */,
				1F3BD6932B894B9200F3EA29 /* speechRecognizer.swift */,
				1FCD8B612B857FDC00642A1C /* ContentView.swift */,
				1F23FF622B90296500E914BB /* drawloomApp.swift */,
				1FCD8B632B857FDE00642A1C /* Assets.xcassets */,
				1FCD8B652B857FDE00642A1C /* Preview Content */,
				1FCD8B6D2B85864900642A1C /* drawloomActions.swift */,
				1FCD8B702B86A2B800642A1C /* inputDocument.swift */,
				1F3BD6972B8D8BF000F3EA29 /* drawdownModel.swift */,
			);
			path = drawloom;
			sourceTree = "<group>";
		};
		1FCD8B652B857FDE00642A1C /* Preview Content */ = {
			isa = PBXGroup;
			children = (
				1FCD8B662B857FDE00642A1C /* Preview Assets.xcassets */,
			);
			path = "Preview Content";
			sourceTree = "<group>";
		};
/* End PBXGroup section */

/* Begin PBXNativeTarget section */
		1FCD8B5B2B857FDC00642A1C /* drawloom */ = {
			isa = PBXNativeTarget;
			buildConfigurationList = 1FCD8B6A2B857FDE00642A1C /* Build configuration list for PBXNativeTarget "drawloom" */;
			buildPhases = (
				1FCD8B582B857FDC00642A1C /* Sources */,
				1FCD8B592B857FDC00642A1C /* Frameworks */,
				1FCD8B5A2B857FDC00642A1C /* Resources */,
			);
			buildRules = (
			);
			dependencies = (
			);
			name = drawloom;
			productName = drawloom;
			productReference = 1FCD8B5C2B857FDC00642A1C /* drawloom.app */;
			productType = "com.apple.product-type.application";
		};
/* End PBXNativeTarget section */

/* Begin PBXProject section */
		1FCD8B542B857FDC00642A1C /* Project object */ = {
			isa = PBXProject;
			attributes = {
				BuildIndependentTargetsInParallel = 1;
				LastSwiftUpdateCheck = 1520;
				LastUpgradeCheck = 1520;
				TargetAttributes = {
					1FCD8B5B2B857FDC00642A1C = {
						CreatedOnToolsVersion = 15.2;
					};
				};
			};
			buildConfigurationList = 1FCD8B572B857FDC00642A1C /* Build configuration list for PBXProject "drawloom" */;
			compatibilityVersion = "Xcode 14.0";
			developmentRegion = en;
			hasScannedForEncodings = 0;
			knownRegions = (
				en,
				Base,
			);
			mainGroup = 1FCD8B532B857FDC00642A1C;
			productRefGroup = 1FCD8B5D2B857FDC00642A1C /* Products */;
			projectDirPath = "";
			projectRoot = "";
			targets = (
				1FCD8B5B2B857FDC00642A1C /* drawloom */,
			);
		};
/* End PBXProject section */

/* Begin PBXResourcesBuildPhase section */
		1FCD8B5A2B857FDC00642A1C /* Resources */ = {
			isa = PBXResourcesBuildPhase;
			buildActionMask = 2147483647;
			files = (
				1FCD8B672B857FDE00642A1C /* Preview Assets.xcassets in Resources */,
				1FCD8B642B857FDE00642A1C /* Assets.xcassets in Resources */,
				1FCD8B752B86C45D00642A1C /* Documents in Resources */,
			);
			runOnlyForDeploymentPostprocessing = 0;
		};
/* End PBXResourcesBuildPhase section */

/* Begin PBXSourcesBuildPhase section */
		1FCD8B582B857FDC00642A1C /* Sources */ = {
			isa = PBXSourcesBuildPhase;
			buildActionMask = 2147483647;
			files = (
				1FCD8B622B857FDC00642A1C /* ContentView.swift in Sources */,
				1FCD8B712B86A2B800642A1C /* inputDocument.swift in Sources */,
				1FCD8B6E2B85864900642A1C /* drawloomActions.swift in Sources */,
				1F3BD6982B8D8BF000F3EA29 /* drawdownModel.swift in Sources */,
				1F23FF632B90296500E914BB /* drawloomApp.swift in Sources */,
				1F3BD6942B894B9200F3EA29 /* speechRecognizer.swift in Sources */,
			);
			runOnlyForDeploymentPostprocessing = 0;
		};
/* End PBXSourcesBuildPhase section */

/* Begin XCBuildConfiguration section */
		1FCD8B682B857FDE00642A1C /* Debug */ = {
			isa = XCBuildConfiguration;
			buildSettings = {
				ALWAYS_SEARCH_USER_PATHS = NO;
				ASSETCATALOG_COMPILER_GENERATE_SWIFT_ASSET_SYMBOL_EXTENSIONS = YES;
				CLANG_ANALYZER_NONNULL = YES;
				CLANG_ANALYZER_NUMBER_OBJECT_CONVERSION = YES_AGGRESSIVE;
				CLANG_CXX_LANGUAGE_STANDARD = "gnu++20";
				CLANG_ENABLE_MODULES = YES;
				CLANG_ENABLE_OBJC_ARC = YES;
				CLANG_ENABLE_OBJC_WEAK = YES;
				CLANG_WARN_BLOCK_CAPTURE_AUTORELEASING = YES;
				CLANG_WARN_BOOL_CONVERSION = YES;
				CLANG_WARN_COMMA = YES;
				CLANG_WARN_CONSTANT_CONVERSION = YES;
				CLANG_WARN_DEPRECATED_OBJC_IMPLEMENTATIONS = YES;
				CLANG_WARN_DIRECT_OBJC_ISA_USAGE = YES_ERROR;
				CLANG_WARN_DOCUMENTATION_COMMENTS = YES;
				CLANG_WARN_EMPTY_BODY = YES;
				CLANG_WARN_ENUM_CONVERSION = YES;
				CLANG_WARN_INFINITE_RECURSION = YES;
				CLANG_WARN_INT_CONVERSION = YES;
				CLANG_WARN_NON_LITERAL_NULL_CONVERSION = YES;
				CLANG_WARN_OBJC_IMPLICIT_RETAIN_SELF = YES;
				CLANG_WARN_OBJC_LITERAL_CONVERSION = YES;
				CLANG_WARN_OBJC_ROOT_CLASS = YES_ERROR;
				CLANG_WARN_QUOTED_INCLUDE_IN_FRAMEWORK_HEADER = YES;
				CLANG_WARN_RANGE_LOOP_ANALYSIS = YES;
				CLANG_WARN_STRICT_PROTOTYPES = YES;
				CLANG_WARN_SUSPICIOUS_MOVE = YES;
				CLANG_WARN_UNGUARDED_AVAILABILITY = YES_AGGRESSIVE;
				CLANG_WARN_UNREACHABLE_CODE = YES;
				CLANG_WARN__DUPLICATE_METHOD_MATCH = YES;
				COPY_PHASE_STRIP = NO;
				DEBUG_INFORMATION_FORMAT = dwarf;
				ENABLE_STRICT_OBJC_MSGSEND = YES;
				ENABLE_TESTABILITY = YES;
				ENABLE_USER_SCRIPT_SANDBOXING = YES;
				GCC_C_LANGUAGE_STANDARD = gnu17;
				GCC_DYNAMIC_NO_PIC = NO;
				GCC_NO_COMMON_BLOCKS = YES;
				GCC_OPTIMIZATION_LEVEL = 0;
				GCC_PREPROCESSOR_DEFINITIONS = (
					"DEBUG=1",
					"$(inherited)",
				);
				GCC_WARN_64_TO_32_BIT_CONVERSION = YES;
				GCC_WARN_ABOUT_RETURN_TYPE = YES_ERROR;
				GCC_WARN_UNDECLARED_SELECTOR = YES;
				GCC_WARN_UNINITIALIZED_AUTOS = YES_AGGRESSIVE;
				GCC_WARN_UNUSED_FUNCTION = YES;
				GCC_WARN_UNUSED_VARIABLE = YES;
				IPHONEOS_DEPLOYMENT_TARGET = 17.2;
				LOCALIZATION_PREFERS_STRING_CATALOGS = YES;
				MTL_ENABLE_DEBUG_INFO = INCLUDE_SOURCE;
				MTL_FAST_MATH = YES;
				ONLY_ACTIVE_ARCH = YES;
				SDKROOT = iphoneos;
				SWIFT_ACTIVE_COMPILATION_CONDITIONS = "DEBUG $(inherited)";
				SWIFT_OPTIMIZATION_LEVEL = "-Onone";
			};
			name = Debug;
		};
		1FCD8B692B857FDE00642A1C /* Release */ = {
			isa = XCBuildConfiguration;
			buildSettings = {
				ALWAYS_SEARCH_USER_PATHS = NO;
				ASSETCATALOG_COMPILER_GENERATE_SWIFT_ASSET_SYMBOL_EXTENSIONS = YES;
				CLANG_ANALYZER_NONNULL = YES;
				CLANG_ANALYZER_NUMBER_OBJECT_CONVERSION = YES_AGGRESSIVE;
				CLANG_CXX_LANGUAGE_STANDARD = "gnu++20";
				CLANG_ENABLE_MODULES = YES;
				CLANG_ENABLE_OBJC_ARC = YES;
				CLANG_ENABLE_OBJC_WEAK = YES;
				CLANG_WARN_BLOCK_CAPTURE_AUTORELEASING = YES;
				CLANG_WARN_BOOL_CONVERSION = YES;
				CLANG_WARN_COMMA = YES;
				CLANG_WARN_CONSTANT_CONVERSION = YES;
				CLANG_WARN_DEPRECATED_OBJC_IMPLEMENTATIONS = YES;
				CLANG_WARN_DIRECT_OBJC_ISA_USAGE = YES_ERROR;
				CLANG_WARN_DOCUMENTATION_COMMENTS = YES;
				CLANG_WARN_EMPTY_BODY = YES;
				CLANG_WARN_ENUM_CONVERSION = YES;
				CLANG_WARN_INFINITE_RECURSION = YES;
				CLANG_WARN_INT_CONVERSION = YES;
				CLANG_WARN_NON_LITERAL_NULL_CONVERSION = YES;
				CLANG_WARN_OBJC_IMPLICIT_RETAIN_SELF = YES;
				CLANG_WARN_OBJC_LITERAL_CONVERSION = YES;
				CLANG_WARN_OBJC_ROOT_CLASS = YES_ERROR;
				CLANG_WARN_QUOTED_INCLUDE_IN_FRAMEWORK_HEADER = YES;
				CLANG_WARN_RANGE_LOOP_ANALYSIS = YES;
				CLANG_WARN_STRICT_PROTOTYPES = YES;
				CLANG_WARN_SUSPICIOUS_MOVE = YES;
				CLANG_WARN_UNGUARDED_AVAILABILITY = YES_AGGRESSIVE;
				CLANG_WARN_UNREACHABLE_CODE = YES;
				CLANG_WARN__DUPLICATE_METHOD_MATCH = YES;
				COPY_PHASE_STRIP = NO;
				DEBUG_INFORMATION_FORMAT = "dwarf-with-dsym";
				ENABLE_NS_ASSERTIONS = NO;
				ENABLE_STRICT_OBJC_MSGSEND = YES;
				ENABLE_USER_SCRIPT_SANDBOXING = YES;
				GCC_C_LANGUAGE_STANDARD = gnu17;
				GCC_NO_COMMON_BLOCKS = YES;
				GCC_WARN_64_TO_32_BIT_CONVERSION = YES;
				GCC_WARN_ABOUT_RETURN_TYPE = YES_ERROR;
				GCC_WARN_UNDECLARED_SELECTOR = YES;
				GCC_WARN_UNINITIALIZED_AUTOS = YES_AGGRESSIVE;
				GCC_WARN_UNUSED_FUNCTION = YES;
				GCC_WARN_UNUSED_VARIABLE = YES;
				IPHONEOS_DEPLOYMENT_TARGET = 17.2;
				LOCALIZATION_PREFERS_STRING_CATALOGS = YES;
				MTL_ENABLE_DEBUG_INFO = NO;
				MTL_FAST_MATH = YES;
				SDKROOT = iphoneos;
				SWIFT_COMPILATION_MODE = wholemodule;
				VALIDATE_PRODUCT = YES;
			};
			name = Release;
		};
		1FCD8B6B2B857FDE00642A1C /* Debug */ = {
			isa = XCBuildConfiguration;
			buildSettings = {
				ASSETCATALOG_COMPILER_APPICON_NAME = AppIcon;
				ASSETCATALOG_COMPILER_GLOBAL_ACCENT_COLOR_NAME = AccentColor;
				CODE_SIGN_STYLE = Automatic;
				CURRENT_PROJECT_VERSION = 1;
				DEVELOPMENT_ASSET_PATHS = "\"drawloom/Preview Content\"";
				DEVELOPMENT_TEAM = 7ZLCAA6XSX;
				ENABLE_PREVIEWS = YES;
				GENERATE_INFOPLIST_FILE = YES;
				INFOPLIST_FILE = drawloom/Info.plist;
				INFOPLIST_KEY_UIApplicationSceneManifest_Generation = YES;
				INFOPLIST_KEY_UIApplicationSupportsIndirectInputEvents = YES;
				INFOPLIST_KEY_UILaunchScreen_Generation = YES;
				INFOPLIST_KEY_UISupportedInterfaceOrientations_iPad = "UIInterfaceOrientationPortrait UIInterfaceOrientationPortraitUpsideDown UIInterfaceOrientationLandscapeLeft UIInterfaceOrientationLandscapeRight";
				INFOPLIST_KEY_UISupportedInterfaceOrientations_iPhone = "UIInterfaceOrientationPortrait UIInterfaceOrientationLandscapeLeft UIInterfaceOrientationLandscapeRight";
				LD_RUNPATH_SEARCH_PATHS = (
					"$(inherited)",
					"@executable_path/Frameworks",
				);
				MARKETING_VERSION = 1.0;
				PRODUCT_BUNDLE_IDENTIFIER = none.drawloom;
				PRODUCT_NAME = "$(TARGET_NAME)";
				SWIFT_EMIT_LOC_STRINGS = YES;
				SWIFT_VERSION = 5.0;
				TARGETED_DEVICE_FAMILY = "1,2";
			};
			name = Debug;
		};
		1FCD8B6C2B857FDE00642A1C /* Release */ = {
			isa = XCBuildConfiguration;
			buildSettings = {
				ASSETCATALOG_COMPILER_APPICON_NAME = AppIcon;
				ASSETCATALOG_COMPILER_GLOBAL_ACCENT_COLOR_NAME = AccentColor;
				CODE_SIGN_STYLE = Automatic;
				CURRENT_PROJECT_VERSION = 1;
				DEVELOPMENT_ASSET_PATHS = "\"drawloom/Preview Content\"";
				DEVELOPMENT_TEAM = 7ZLCAA6XSX;
				ENABLE_PREVIEWS = YES;
				GENERATE_INFOPLIST_FILE = YES;
				INFOPLIST_FILE = drawloom/Info.plist;
				INFOPLIST_KEY_UIApplicationSceneManifest_Generation = YES;
				INFOPLIST_KEY_UIApplicationSupportsIndirectInputEvents = YES;
				INFOPLIST_KEY_UILaunchScreen_Generation = YES;
				INFOPLIST_KEY_UISupportedInterfaceOrientations_iPad = "UIInterfaceOrientationPortrait UIInterfaceOrientationPortraitUpsideDown UIInterfaceOrientationLandscapeLeft UIInterfaceOrientationLandscapeRight";
				INFOPLIST_KEY_UISupportedInterfaceOrientations_iPhone = "UIInterfaceOrientationPortrait UIInterfaceOrientationLandscapeLeft UIInterfaceOrientationLandscapeRight";
				LD_RUNPATH_SEARCH_PATHS = (
					"$(inherited)",
					"@executable_path/Frameworks",
				);
				MARKETING_VERSION = 1.0;
				PRODUCT_BUNDLE_IDENTIFIER = none.drawloom;
				PRODUCT_NAME = "$(TARGET_NAME)";
				SWIFT_EMIT_LOC_STRINGS = YES;
				SWIFT_VERSION = 5.0;
				TARGETED_DEVICE_FAMILY = "1,2";
			};
			name = Release;
		};
/* End XCBuildConfiguration section */

/* Begin XCConfigurationList section */
		1FCD8B572B857FDC00642A1C /* Build configuration list for PBXProject "drawloom" */ = {
			isa = XCConfigurationList;
			buildConfigurations = (
				1FCD8B682B857FDE00642A1C /* Debug */,
				1FCD8B692B857FDE00642A1C /* Release */,
			);
			defaultConfigurationIsVisible = 0;
			defaultConfigurationName = Release;
		};
		1FCD8B6A2B857FDE00642A1C /* Build configuration list for PBXNativeTarget "drawloom" */ = {
			isa = XCConfigurationList;
			buildConfigurations = (
				1FCD8B6B2B857FDE00642A1C /* Debug */,
				1FCD8B6C2B857FDE00642A1C /* Release */,
			);
			defaultConfigurationIsVisible = 0;
			defaultConfigurationName = Release;
		};
/* End XCConfigurationList section */
	};
	rootObject = 1FCD8B542B857FDC00642A1C /* Project object */;
}
